
Microsoft Visual Studio Solution File, Format Version 12.00
# Visual Studio Version 17
VisualStudioVersion = 17.4.33213.308
MinimumVisualStudioVersion = 10.0.40219.1
Project("{FAE04EC0-301F-11D3-BF4B-00C04F79EFBC}") = "UniqueProduct", "UniqueProduct\UniqueProduct.csproj", "{EEDEA115-3C0B-4AE1-A98E-57B01893C189}"
EndProject
Global
	GlobalSection(SolutionConfigurationPlatforms) = preSolution
		Debug|Any CPU = Debug|Any CPU
		Release|Any CPU = Release|Any CPU
	EndGlobalSection
	GlobalSection(ProjectConfigurationPlatforms) = postSolution
		{EEDEA115-3C0B-4AE1-A98E-57B01893C189}.Debug|Any CPU.ActiveCfg = Debug|Any CPU
		{EEDEA115-3C0B-4AE1-A98E-57B01893C189}.Debug|Any CPU.Build.0 = Debug|Any CPU
		{EEDEA115-3C0B-4AE1-A98E-57B01893C189}.Release|Any CPU.ActiveCfg = Release|Any CPU
		{EEDEA115-3C0B-4AE1-A98E-57B01893C189}.Release|Any CPU.Build.0 = Release|Any CPU
	EndGlobalSection
	GlobalSection(SolutionProperties) = preSolution
		HideSolutionNode = FALSE
	EndGlobalSection
	GlobalSection(ExtensibilityGlobals) = postSolution
		SolutionGuid = {5FCA11A1-8C64-469D-9798-1527F339BB1D}
	EndGlobalSection
EndGlobal
