
Microsoft Visual Studio Solution File, Format Version 12.00
# Visual Studio Version 17
VisualStudioVersion = 17.4.33213.308
MinimumVisualStudioVersion = 10.0.40219.1
Project("{FAE04EC0-301F-11D3-BF4B-00C04F79EFBC}") = "PaperStrip", "PaperStrip\PaperStrip.csproj", "{198BDD61-002B-4113-B9E8-EEC7B6D16049}"
EndProject
Global
	GlobalSection(SolutionConfigurationPlatforms) = preSolution
		Debug|Any CPU = Debug|Any CPU
		Release|Any CPU = Release|Any CPU
	EndGlobalSection
	GlobalSection(ProjectConfigurationPlatforms) = postSolution
		{198BDD61-002B-4113-B9E8-EEC7B6D16049}.Debug|Any CPU.ActiveCfg = Debug|Any CPU
		{198BDD61-002B-4113-B9E8-EEC7B6D16049}.Debug|Any CPU.Build.0 = Debug|Any CPU
		{198BDD61-002B-4113-B9E8-EEC7B6D16049}.Release|Any CPU.ActiveCfg = Release|Any CPU
		{198BDD61-002B-4113-B9E8-EEC7B6D16049}.Release|Any CPU.Build.0 = Release|Any CPU
	EndGlobalSection
	GlobalSection(SolutionProperties) = preSolution
		HideSolutionNode = FALSE
	EndGlobalSection
	GlobalSection(ExtensibilityGlobals) = postSolution
		SolutionGuid = {41927D5B-052E-4A99-A21B-765ACBC3FA25}
	EndGlobalSection
EndGlobal
